PODS:
  - GeniusSportWidgetLoader (0.1.0)

DEPENDENCIES:
  - GeniusSportWidgetLoader (from `../`)

EXTERNAL SOURCES:
  GeniusSportWidgetLoader:
    :path: ../

SPEC CHECKSUMS:
  GeniusSportWidgetLoader: 64bb49af2db9198f3f8112d51d738cfe89845292

PODFILE CHECKSUM: dd9217ca59e5b094353b2ba754748e528c9cf229

COCOAPODS: 1.4.0
